
Microsoft Visual Studio Solution File, Format Version 12.00
# Visual Studio 15
VisualStudioVersion = 15.0.28010.2026
MinimumVisualStudioVersion = 10.0.40219.1
Project("{FAE04EC0-301F-11D3-BF4B-00C04F79EFBC}") = "SPARQLDemo", "SPARQLDemo\SPARQLDemo.csproj", "{7B5C16E2-6A21-49C2-AADE-854C81402675}"
EndProject
Global
	GlobalSection(SolutionConfigurationPlatforms) = preSolution
		Debug|Any CPU = Debug|Any CPU
		Release|Any CPU = Release|Any CPU
	EndGlobalSection
	GlobalSection(ProjectConfigurationPlatforms) = postSolution
		{7B5C16E2-6A21-49C2-AADE-854C81402675}.Debug|Any CPU.ActiveCfg = Debug|Any CPU
		{7B5C16E2-6A21-49C2-AADE-854C81402675}.Debug|Any CPU.Build.0 = Debug|Any CPU
		{7B5C16E2-6A21-49C2-AADE-854C81402675}.Release|Any CPU.ActiveCfg = Release|Any CPU
		{7B5C16E2-6A21-49C2-AADE-854C81402675}.Release|Any CPU.Build.0 = Release|Any CPU
	EndGlobalSection
	GlobalSection(SolutionProperties) = preSolution
		HideSolutionNode = FALSE
	EndGlobalSection
	GlobalSection(ExtensibilityGlobals) = postSolution
		SolutionGuid = {CA380179-5858-4524-993E-5E8E6916CE83}
	EndGlobalSection
EndGlobal
